{
  "requires": true,
  "lockfileVersion": 1,
  "dependencies": {
    "@types/core-js": {
      "version": "2.5.5",
      "resolved": "https://registry.npmjs.org/@types/core-js/-/core-js-2.5.5.tgz",
      "integrity": "sha512-C4vwOHrhsvxn7UFyk4NDQNUpgNKdWsT/bL39UWyD75KSEOObZSKa9mYDOCM5FGeJG2qtbG0XiEbUKND2+j0WOg==",
      "dev": true
    }
  }
}
